
Microsoft Visual Studio Solution File, Format Version 12.00
# Visual Studio Version 18
VisualStudioVersion = 18.1.11312.151
MinimumVisualStudioVersion = 10.0.40219.1
Project("{2150E333-8FDC-42A3-9474-1A3956D46DE8}") = "Solution Items", "Solution Items", "{02EA681E-C7D8-13C7-8484-4AC65E1B71E8}"
	ProjectSection(SolutionItems) = preProject
		.editorconfig = .editorconfig
		.gitattributes = .gitattributes
		.gitignore = .gitignore
		Directory.Build.props = Directory.Build.props
		Directory.Packages.props = Directory.Packages.props
		docker-compose.yaml = docker-compose.yaml
		README.md = README.md
	EndProjectSection
EndProject
Project("{2150E333-8FDC-42A3-9474-1A3956D46DE8}") = "Api", "Api", "{A0088E8E-7D7E-40C7-BE8F-FFB2D686E6ED}"
EndProject
Project("{FAE04EC0-301F-11D3-BF4B-00C04F79EFBC}") = "Ingrid.API", "src\Ingrid.API\Ingrid.API.csproj", "{25A07B27-6E36-4D9F-A8F3-2B2A33CC18E2}"
EndProject
Project("{2150E333-8FDC-42A3-9474-1A3956D46DE8}") = "Shared", "Shared", "{99985500-F7B6-438B-8F79-71DB3A316B11}"
EndProject
Project("{FAE04EC0-301F-11D3-BF4B-00C04F79EFBC}") = "IP.Shared.Abstractions", "src\IP.Shared.Abstractions\IP.Shared.Abstractions.csproj", "{2D9AF3E3-AC63-4387-83A0-9B77F72999D9}"
EndProject
Project("{FAE04EC0-301F-11D3-BF4B-00C04F79EFBC}") = "IP.Shared.CQRSMessaging", "src\IP.Shared.CQRSMessaging\IP.Shared.CQRSMessaging.csproj", "{22FDB36C-2A9F-4468-AAD6-92FDF5B8419C}"
EndProject
Project("{FAE04EC0-301F-11D3-BF4B-00C04F79EFBC}") = "IP.Shared.Security", "src\IP.Shared.Security\IP.Shared.Security.csproj", "{3535BBF1-05F0-4246-A243-F350E3ADB7CD}"
EndProject
Project("{FAE04EC0-301F-11D3-BF4B-00C04F79EFBC}") = "IP.Shared.Domain", "src\IP.Shared.Domain\IP.Shared.Domain.csproj", "{D8DAF28D-C918-49DD-AFF8-4C84251F72F4}"
EndProject
Project("{FAE04EC0-301F-11D3-BF4B-00C04F79EFBC}") = "IP.Shared.Api", "src\IP.Shared.Api\IP.Shared.Api.csproj", "{2576C998-95F2-474A-919F-5F52A2AD59B3}"
EndProject
Project("{FAE04EC0-301F-11D3-BF4B-00C04F79EFBC}") = "IP.Shared.Persistence", "src\IP.Shared.Persistence\IP.Shared.Persistence.csproj", "{895B40AB-7032-441A-A480-058675A8F143}"
EndProject
Project("{2150E333-8FDC-42A3-9474-1A3956D46DE8}") = "Modules-Api", "Modules-Api", "{C137F7C3-3E3B-4F38-9DC7-2D8DD563D04E}"
EndProject
Project("{FAE04EC0-301F-11D3-BF4B-00C04F79EFBC}") = "IP.IDI.Api", "src\IP.IDI.Api\IP.IDI.Api.csproj", "{109C6FB7-1EF0-48E2-9BB8-56E40A441A5A}"
EndProject
Project("{FAE04EC0-301F-11D3-BF4B-00C04F79EFBC}") = "IP.IDI.Domain", "src\IP.IDI.Domain\IP.IDI.Domain.csproj", "{19958FE8-E1F9-4D44-8CFB-88B92522CA37}"
EndProject
Project("{FAE04EC0-301F-11D3-BF4B-00C04F79EFBC}") = "IP.IDI.Persistence", "src\IP.IDI.Persistence\IP.IDI.Persistence.csproj", "{E1932E5E-DB01-4DAF-96B2-7379AD37279C}"
EndProject
Project("{2150E333-8FDC-42A3-9474-1A3956D46DE8}") = "IDI", "IDI", "{D7F65A8B-0473-481C-A4E8-22243265A2D8}"
EndProject
Project("{2150E333-8FDC-42A3-9474-1A3956D46DE8}") = "Core", "Core", "{B7E53ECD-70FF-4432-963A-43FD96A4DC83}"
EndProject
Project("{FAE04EC0-301F-11D3-BF4B-00C04F79EFBC}") = "IP.Core.Api", "src\IP.Core.Api\IP.Core.Api.csproj", "{4E156E39-1715-44A0-B3B8-FD4F1C3B8086}"
EndProject
Project("{FAE04EC0-301F-11D3-BF4B-00C04F79EFBC}") = "IP.Core.Domain", "src\IP.Core.Domain\IP.Core.Domain.csproj", "{344AB074-BBBD-4E3A-B894-FE68AA1C64DF}"
EndProject
Project("{FAE04EC0-301F-11D3-BF4B-00C04F79EFBC}") = "IP.Core.Persistence", "src\IP.Core.Persistence\IP.Core.Persistence.csproj", "{92880395-6117-46FD-BF79-23BC193B4023}"
EndProject
Project("{2150E333-8FDC-42A3-9474-1A3956D46DE8}") = "Com", "Com", "{A60527CB-842D-420C-A53A-E7B5951A1EA2}"
EndProject
Project("{FAE04EC0-301F-11D3-BF4B-00C04F79EFBC}") = "IP.Com.Api", "src\IP.Com.Api\IP.Com.Api.csproj", "{B4674165-6C3F-492C-9462-65CCC5576EDD}"
EndProject
Project("{FAE04EC0-301F-11D3-BF4B-00C04F79EFBC}") = "IP.Com.Domain", "src\IP.Com.Domain\IP.Com.Domain.csproj", "{B4A735B4-078C-4977-990B-505FF034A742}"
EndProject
Project("{FAE04EC0-301F-11D3-BF4B-00C04F79EFBC}") = "IP.Shared.IntegrationEvents", "src\IP.Shared.IntegrationEvents\IP.Shared.IntegrationEvents.csproj", "{BFBAB36F-945D-40AF-9BB1-DD9A08A33E00}"
EndProject
Project("{FAE04EC0-301F-11D3-BF4B-00C04F79EFBC}") = "IP.Com.Persistence", "src\IP.Com.Persistence\IP.Com.Persistence.csproj", "{1D8A9A2F-DA7C-2793-A99B-2594EB8CCE62}"
EndProject
Project("{FAE04EC0-301F-11D3-BF4B-00C04F79EFBC}") = "IP.Shared.Workers", "src\IP.Shared.Workers\IP.Shared.Workers.csproj", "{DC9B7FB7-270D-4EA3-B027-C5DBEC29073D}"
EndProject
Project("{FAE04EC0-301F-11D3-BF4B-00C04F79EFBC}") = "IP.Com.Workers", "src\IP.Com.Workers\IP.Com.Workers.csproj", "{1CD21588-43F0-4DB7-8E52-F2FB9AC7FCDF}"
EndProject
Project("{FAE04EC0-301F-11D3-BF4B-00C04F79EFBC}") = "IP.Shared.Emails", "src\IP.Shared.Emails\IP.Shared.Emails.csproj", "{B209F9DA-52B7-4B9A-A128-90856C7C7CC6}"
EndProject
Project("{2150E333-8FDC-42A3-9474-1A3956D46DE8}") = "AccountInfo", "AccountInfo", "{173ECD95-BFD2-4947-9150-06746FC8D5BB}"
EndProject
Project("{FAE04EC0-301F-11D3-BF4B-00C04F79EFBC}") = "IP.AccIPInfo.Api", "src\IP.AccIPInfo.Api\IP.AccIPInfo.Api.csproj", "{DD5589F9-E27C-4BAA-ADB6-DC4BBC3DBC26}"
EndProject
Project("{FAE04EC0-301F-11D3-BF4B-00C04F79EFBC}") = "IP.AccIPInfo.Domain", "src\IP.AccIPInfo.Domain\IP.AccIPInfo.Domain.csproj", "{37381A53-9EB3-4A84-AAD1-2DEE15BAB3B0}"
EndProject
Project("{FAE04EC0-301F-11D3-BF4B-00C04F79EFBC}") = "IP.AccIPInfo.Persistence", "src\IP.AccIPInfo.Persistence\IP.AccIPInfo.Persistence.csproj", "{BF95B36A-C850-4BA4-8BA3-718F3CB5A69F}"
EndProject
Project("{2150E333-8FDC-42A3-9474-1A3956D46DE8}") = "Modules-Int", "Modules-Int", "{2D6F54F5-BB76-4E72-857E-76F6BCFC4804}"
EndProject
Project("{FAE04EC0-301F-11D3-BF4B-00C04F79EFBC}") = "Ingrid.API.Integration", "src\Ingrid.API.Integration\Ingrid.API.Integration.csproj", "{E003FC30-A7C8-4F3B-94CE-D5743ED3935E}"
EndProject
Project("{2150E333-8FDC-42A3-9474-1A3956D46DE8}") = "AccountCustomer", "AccountCustomer", "{A8F622E5-132C-4AAE-B56E-9B3026E8CF36}"
EndProject
Project("{FAE04EC0-301F-11D3-BF4B-00C04F79EFBC}") = "IP.AccCust.Workers", "src\IP.AccCust.Workers\IP.AccCust.Workers.csproj", "{BDEDDA45-2E2A-4B41-AAC1-E6A5D1C020BB}"
EndProject
Project("{FAE04EC0-301F-11D3-BF4B-00C04F79EFBC}") = "IP.AccCust.Domain", "src\IP.AccCust.Domain\IP.AccCust.Domain.csproj", "{0FCF0259-1298-47E6-A3A5-47780A3A38FB}"
EndProject
Project("{FAE04EC0-301F-11D3-BF4B-00C04F79EFBC}") = "IP.AccCust.Api", "src\IP.AccCust.Api\IP.AccCust.Api.csproj", "{D6AA982A-5498-4786-AE74-91387DB8C271}"
EndProject
Project("{FAE04EC0-301F-11D3-BF4B-00C04F79EFBC}") = "IP.AccCust.Persistence", "src\IP.AccCust.Persistence\IP.AccCust.Persistence.csproj", "{8D97754B-6FB9-4793-8555-33DC9741D9FA}"
EndProject
Project("{FAE04EC0-301F-11D3-BF4B-00C04F79EFBC}") = "IP.Shared.AWS", "src\IP.Shared.AWS\IP.Shared.AWS.csproj", "{4D2DC723-79E8-4A76-823B-A4453B45F49A}"
EndProject
Project("{FAE04EC0-301F-11D3-BF4B-00C04F79EFBC}") = "IP.Shared.IP", "src\IP.Shared.IP\IP.Shared.IP.csproj", "{DCFB500D-8A42-47B2-8BF4-F328A2EED125}"
EndProject
Project("{FAE04EC0-301F-11D3-BF4B-00C04F79EFBC}") = "IP.Shared.EndpointModules", "src\IP.Shared.EndpointModules\IP.Shared.EndpointModules.csproj", "{993D7FBA-F42B-4050-B9A0-DAA2ADCC5282}"
EndProject
Global
	GlobalSection(SolutionConfigurationPlatforms) = preSolution
		Debug|Any CPU = Debug|Any CPU
		Release|Any CPU = Release|Any CPU
	EndGlobalSection
	GlobalSection(ProjectConfigurationPlatforms) = postSolution
		{25A07B27-6E36-4D9F-A8F3-2B2A33CC18E2}.Debug|Any CPU.ActiveCfg = Debug|Any CPU
		{25A07B27-6E36-4D9F-A8F3-2B2A33CC18E2}.Debug|Any CPU.Build.0 = Debug|Any CPU
		{25A07B27-6E36-4D9F-A8F3-2B2A33CC18E2}.Release|Any CPU.ActiveCfg = Release|Any CPU
		{25A07B27-6E36-4D9F-A8F3-2B2A33CC18E2}.Release|Any CPU.Build.0 = Release|Any CPU
		{2D9AF3E3-AC63-4387-83A0-9B77F72999D9}.Debug|Any CPU.ActiveCfg = Debug|Any CPU
		{2D9AF3E3-AC63-4387-83A0-9B77F72999D9}.Debug|Any CPU.Build.0 = Debug|Any CPU
		{2D9AF3E3-AC63-4387-83A0-9B77F72999D9}.Release|Any CPU.ActiveCfg = Release|Any CPU
		{2D9AF3E3-AC63-4387-83A0-9B77F72999D9}.Release|Any CPU.Build.0 = Release|Any CPU
		{22FDB36C-2A9F-4468-AAD6-92FDF5B8419C}.Debug|Any CPU.ActiveCfg = Debug|Any CPU
		{22FDB36C-2A9F-4468-AAD6-92FDF5B8419C}.Debug|Any CPU.Build.0 = Debug|Any CPU
		{22FDB36C-2A9F-4468-AAD6-92FDF5B8419C}.Release|Any CPU.ActiveCfg = Release|Any CPU
		{22FDB36C-2A9F-4468-AAD6-92FDF5B8419C}.Release|Any CPU.Build.0 = Release|Any CPU
		{3535BBF1-05F0-4246-A243-F350E3ADB7CD}.Debug|Any CPU.ActiveCfg = Debug|Any CPU
		{3535BBF1-05F0-4246-A243-F350E3ADB7CD}.Debug|Any CPU.Build.0 = Debug|Any CPU
		{3535BBF1-05F0-4246-A243-F350E3ADB7CD}.Release|Any CPU.ActiveCfg = Release|Any CPU
		{3535BBF1-05F0-4246-A243-F350E3ADB7CD}.Release|Any CPU.Build.0 = Release|Any CPU
		{D8DAF28D-C918-49DD-AFF8-4C84251F72F4}.Debug|Any CPU.ActiveCfg = Debug|Any CPU
		{D8DAF28D-C918-49DD-AFF8-4C84251F72F4}.Debug|Any CPU.Build.0 = Debug|Any CPU
		{D8DAF28D-C918-49DD-AFF8-4C84251F72F4}.Release|Any CPU.ActiveCfg = Release|Any CPU
		{D8DAF28D-C918-49DD-AFF8-4C84251F72F4}.Release|Any CPU.Build.0 = Release|Any CPU
		{2576C998-95F2-474A-919F-5F52A2AD59B3}.Debug|Any CPU.ActiveCfg = Debug|Any CPU
		{2576C998-95F2-474A-919F-5F52A2AD59B3}.Debug|Any CPU.Build.0 = Debug|Any CPU
		{2576C998-95F2-474A-919F-5F52A2AD59B3}.Release|Any CPU.ActiveCfg = Release|Any CPU
		{2576C998-95F2-474A-919F-5F52A2AD59B3}.Release|Any CPU.Build.0 = Release|Any CPU
		{895B40AB-7032-441A-A480-058675A8F143}.Debug|Any CPU.ActiveCfg = Debug|Any CPU
		{895B40AB-7032-441A-A480-058675A8F143}.Debug|Any CPU.Build.0 = Debug|Any CPU
		{895B40AB-7032-441A-A480-058675A8F143}.Release|Any CPU.ActiveCfg = Release|Any CPU
		{895B40AB-7032-441A-A480-058675A8F143}.Release|Any CPU.Build.0 = Release|Any CPU
		{109C6FB7-1EF0-48E2-9BB8-56E40A441A5A}.Debug|Any CPU.ActiveCfg = Debug|Any CPU
		{109C6FB7-1EF0-48E2-9BB8-56E40A441A5A}.Debug|Any CPU.Build.0 = Debug|Any CPU
		{109C6FB7-1EF0-48E2-9BB8-56E40A441A5A}.Release|Any CPU.ActiveCfg = Release|Any CPU
		{109C6FB7-1EF0-48E2-9BB8-56E40A441A5A}.Release|Any CPU.Build.0 = Release|Any CPU
		{19958FE8-E1F9-4D44-8CFB-88B92522CA37}.Debug|Any CPU.ActiveCfg = Debug|Any CPU
		{19958FE8-E1F9-4D44-8CFB-88B92522CA37}.Debug|Any CPU.Build.0 = Debug|Any CPU
		{19958FE8-E1F9-4D44-8CFB-88B92522CA37}.Release|Any CPU.ActiveCfg = Release|Any CPU
		{19958FE8-E1F9-4D44-8CFB-88B92522CA37}.Release|Any CPU.Build.0 = Release|Any CPU
		{E1932E5E-DB01-4DAF-96B2-7379AD37279C}.Debug|Any CPU.ActiveCfg = Debug|Any CPU
		{E1932E5E-DB01-4DAF-96B2-7379AD37279C}.Debug|Any CPU.Build.0 = Debug|Any CPU
		{E1932E5E-DB01-4DAF-96B2-7379AD37279C}.Release|Any CPU.ActiveCfg = Release|Any CPU
		{E1932E5E-DB01-4DAF-96B2-7379AD37279C}.Release|Any CPU.Build.0 = Release|Any CPU
		{4E156E39-1715-44A0-B3B8-FD4F1C3B8086}.Debug|Any CPU.ActiveCfg = Debug|Any CPU
		{4E156E39-1715-44A0-B3B8-FD4F1C3B8086}.Debug|Any CPU.Build.0 = Debug|Any CPU
		{4E156E39-1715-44A0-B3B8-FD4F1C3B8086}.Release|Any CPU.ActiveCfg = Release|Any CPU
		{4E156E39-1715-44A0-B3B8-FD4F1C3B8086}.Release|Any CPU.Build.0 = Release|Any CPU
		{344AB074-BBBD-4E3A-B894-FE68AA1C64DF}.Debug|Any CPU.ActiveCfg = Debug|Any CPU
		{344AB074-BBBD-4E3A-B894-FE68AA1C64DF}.Debug|Any CPU.Build.0 = Debug|Any CPU
		{344AB074-BBBD-4E3A-B894-FE68AA1C64DF}.Release|Any CPU.ActiveCfg = Release|Any CPU
		{344AB074-BBBD-4E3A-B894-FE68AA1C64DF}.Release|Any CPU.Build.0 = Release|Any CPU
		{92880395-6117-46FD-BF79-23BC193B4023}.Debug|Any CPU.ActiveCfg = Debug|Any CPU
		{92880395-6117-46FD-BF79-23BC193B4023}.Debug|Any CPU.Build.0 = Debug|Any CPU
		{92880395-6117-46FD-BF79-23BC193B4023}.Release|Any CPU.ActiveCfg = Release|Any CPU
		{92880395-6117-46FD-BF79-23BC193B4023}.Release|Any CPU.Build.0 = Release|Any CPU
		{B4674165-6C3F-492C-9462-65CCC5576EDD}.Debug|Any CPU.ActiveCfg = Debug|Any CPU
		{B4674165-6C3F-492C-9462-65CCC5576EDD}.Debug|Any CPU.Build.0 = Debug|Any CPU
		{B4674165-6C3F-492C-9462-65CCC5576EDD}.Release|Any CPU.ActiveCfg = Release|Any CPU
		{B4674165-6C3F-492C-9462-65CCC5576EDD}.Release|Any CPU.Build.0 = Release|Any CPU
		{B4A735B4-078C-4977-990B-505FF034A742}.Debug|Any CPU.ActiveCfg = Debug|Any CPU
		{B4A735B4-078C-4977-990B-505FF034A742}.Debug|Any CPU.Build.0 = Debug|Any CPU
		{B4A735B4-078C-4977-990B-505FF034A742}.Release|Any CPU.ActiveCfg = Release|Any CPU
		{B4A735B4-078C-4977-990B-505FF034A742}.Release|Any CPU.Build.0 = Release|Any CPU
		{BFBAB36F-945D-40AF-9BB1-DD9A08A33E00}.Debug|Any CPU.ActiveCfg = Debug|Any CPU
		{BFBAB36F-945D-40AF-9BB1-DD9A08A33E00}.Debug|Any CPU.Build.0 = Debug|Any CPU
		{BFBAB36F-945D-40AF-9BB1-DD9A08A33E00}.Release|Any CPU.ActiveCfg = Release|Any CPU
		{BFBAB36F-945D-40AF-9BB1-DD9A08A33E00}.Release|Any CPU.Build.0 = Release|Any CPU
		{1D8A9A2F-DA7C-2793-A99B-2594EB8CCE62}.Debug|Any CPU.ActiveCfg = Debug|Any CPU
		{1D8A9A2F-DA7C-2793-A99B-2594EB8CCE62}.Debug|Any CPU.Build.0 = Debug|Any CPU
		{1D8A9A2F-DA7C-2793-A99B-2594EB8CCE62}.Release|Any CPU.ActiveCfg = Release|Any CPU
		{1D8A9A2F-DA7C-2793-A99B-2594EB8CCE62}.Release|Any CPU.Build.0 = Release|Any CPU
		{DC9B7FB7-270D-4EA3-B027-C5DBEC29073D}.Debug|Any CPU.ActiveCfg = Debug|Any CPU
		{DC9B7FB7-270D-4EA3-B027-C5DBEC29073D}.Debug|Any CPU.Build.0 = Debug|Any CPU
		{DC9B7FB7-270D-4EA3-B027-C5DBEC29073D}.Release|Any CPU.ActiveCfg = Release|Any CPU
		{DC9B7FB7-270D-4EA3-B027-C5DBEC29073D}.Release|Any CPU.Build.0 = Release|Any CPU
		{1CD21588-43F0-4DB7-8E52-F2FB9AC7FCDF}.Debug|Any CPU.ActiveCfg = Debug|Any CPU
		{1CD21588-43F0-4DB7-8E52-F2FB9AC7FCDF}.Debug|Any CPU.Build.0 = Debug|Any CPU
		{1CD21588-43F0-4DB7-8E52-F2FB9AC7FCDF}.Release|Any CPU.ActiveCfg = Release|Any CPU
		{1CD21588-43F0-4DB7-8E52-F2FB9AC7FCDF}.Release|Any CPU.Build.0 = Release|Any CPU
		{B209F9DA-52B7-4B9A-A128-90856C7C7CC6}.Debug|Any CPU.ActiveCfg = Debug|Any CPU
		{B209F9DA-52B7-4B9A-A128-90856C7C7CC6}.Debug|Any CPU.Build.0 = Debug|Any CPU
		{B209F9DA-52B7-4B9A-A128-90856C7C7CC6}.Release|Any CPU.ActiveCfg = Release|Any CPU
		{B209F9DA-52B7-4B9A-A128-90856C7C7CC6}.Release|Any CPU.Build.0 = Release|Any CPU
		{DD5589F9-E27C-4BAA-ADB6-DC4BBC3DBC26}.Debug|Any CPU.ActiveCfg = Debug|Any CPU
		{DD5589F9-E27C-4BAA-ADB6-DC4BBC3DBC26}.Debug|Any CPU.Build.0 = Debug|Any CPU
		{DD5589F9-E27C-4BAA-ADB6-DC4BBC3DBC26}.Release|Any CPU.ActiveCfg = Release|Any CPU
		{DD5589F9-E27C-4BAA-ADB6-DC4BBC3DBC26}.Release|Any CPU.Build.0 = Release|Any CPU
		{37381A53-9EB3-4A84-AAD1-2DEE15BAB3B0}.Debug|Any CPU.ActiveCfg = Debug|Any CPU
		{37381A53-9EB3-4A84-AAD1-2DEE15BAB3B0}.Debug|Any CPU.Build.0 = Debug|Any CPU
		{37381A53-9EB3-4A84-AAD1-2DEE15BAB3B0}.Release|Any CPU.ActiveCfg = Release|Any CPU
		{37381A53-9EB3-4A84-AAD1-2DEE15BAB3B0}.Release|Any CPU.Build.0 = Release|Any CPU
		{BF95B36A-C850-4BA4-8BA3-718F3CB5A69F}.Debug|Any CPU.ActiveCfg = Debug|Any CPU
		{BF95B36A-C850-4BA4-8BA3-718F3CB5A69F}.Debug|Any CPU.Build.0 = Debug|Any CPU
		{BF95B36A-C850-4BA4-8BA3-718F3CB5A69F}.Release|Any CPU.ActiveCfg = Release|Any CPU
		{BF95B36A-C850-4BA4-8BA3-718F3CB5A69F}.Release|Any CPU.Build.0 = Release|Any CPU
		{E003FC30-A7C8-4F3B-94CE-D5743ED3935E}.Debug|Any CPU.ActiveCfg = Debug|Any CPU
		{E003FC30-A7C8-4F3B-94CE-D5743ED3935E}.Debug|Any CPU.Build.0 = Debug|Any CPU
		{E003FC30-A7C8-4F3B-94CE-D5743ED3935E}.Release|Any CPU.ActiveCfg = Release|Any CPU
		{E003FC30-A7C8-4F3B-94CE-D5743ED3935E}.Release|Any CPU.Build.0 = Release|Any CPU
		{BDEDDA45-2E2A-4B41-AAC1-E6A5D1C020BB}.Debug|Any CPU.ActiveCfg = Debug|Any CPU
		{BDEDDA45-2E2A-4B41-AAC1-E6A5D1C020BB}.Debug|Any CPU.Build.0 = Debug|Any CPU
		{BDEDDA45-2E2A-4B41-AAC1-E6A5D1C020BB}.Release|Any CPU.ActiveCfg = Release|Any CPU
		{BDEDDA45-2E2A-4B41-AAC1-E6A5D1C020BB}.Release|Any CPU.Build.0 = Release|Any CPU
		{0FCF0259-1298-47E6-A3A5-47780A3A38FB}.Debug|Any CPU.ActiveCfg = Debug|Any CPU
		{0FCF0259-1298-47E6-A3A5-47780A3A38FB}.Debug|Any CPU.Build.0 = Debug|Any CPU
		{0FCF0259-1298-47E6-A3A5-47780A3A38FB}.Release|Any CPU.ActiveCfg = Release|Any CPU
		{0FCF0259-1298-47E6-A3A5-47780A3A38FB}.Release|Any CPU.Build.0 = Release|Any CPU
		{D6AA982A-5498-4786-AE74-91387DB8C271}.Debug|Any CPU.ActiveCfg = Debug|Any CPU
		{D6AA982A-5498-4786-AE74-91387DB8C271}.Debug|Any CPU.Build.0 = Debug|Any CPU
		{D6AA982A-5498-4786-AE74-91387DB8C271}.Release|Any CPU.ActiveCfg = Release|Any CPU
		{D6AA982A-5498-4786-AE74-91387DB8C271}.Release|Any CPU.Build.0 = Release|Any CPU
		{8D97754B-6FB9-4793-8555-33DC9741D9FA}.Debug|Any CPU.ActiveCfg = Debug|Any CPU
		{8D97754B-6FB9-4793-8555-33DC9741D9FA}.Debug|Any CPU.Build.0 = Debug|Any CPU
		{8D97754B-6FB9-4793-8555-33DC9741D9FA}.Release|Any CPU.ActiveCfg = Release|Any CPU
		{8D97754B-6FB9-4793-8555-33DC9741D9FA}.Release|Any CPU.Build.0 = Release|Any CPU
		{4D2DC723-79E8-4A76-823B-A4453B45F49A}.Debug|Any CPU.ActiveCfg = Debug|Any CPU
		{4D2DC723-79E8-4A76-823B-A4453B45F49A}.Debug|Any CPU.Build.0 = Debug|Any CPU
		{4D2DC723-79E8-4A76-823B-A4453B45F49A}.Release|Any CPU.ActiveCfg = Release|Any CPU
		{4D2DC723-79E8-4A76-823B-A4453B45F49A}.Release|Any CPU.Build.0 = Release|Any CPU
		{DCFB500D-8A42-47B2-8BF4-F328A2EED125}.Debug|Any CPU.ActiveCfg = Debug|Any CPU
		{DCFB500D-8A42-47B2-8BF4-F328A2EED125}.Debug|Any CPU.Build.0 = Debug|Any CPU
		{DCFB500D-8A42-47B2-8BF4-F328A2EED125}.Release|Any CPU.ActiveCfg = Release|Any CPU
		{DCFB500D-8A42-47B2-8BF4-F328A2EED125}.Release|Any CPU.Build.0 = Release|Any CPU
		{993D7FBA-F42B-4050-B9A0-DAA2ADCC5282}.Debug|Any CPU.ActiveCfg = Debug|Any CPU
		{993D7FBA-F42B-4050-B9A0-DAA2ADCC5282}.Debug|Any CPU.Build.0 = Debug|Any CPU
		{993D7FBA-F42B-4050-B9A0-DAA2ADCC5282}.Release|Any CPU.ActiveCfg = Release|Any CPU
		{993D7FBA-F42B-4050-B9A0-DAA2ADCC5282}.Release|Any CPU.Build.0 = Release|Any CPU
	EndGlobalSection
	GlobalSection(SolutionProperties) = preSolution
		HideSolutionNode = FALSE
	EndGlobalSection
	GlobalSection(NestedProjects) = preSolution
		{25A07B27-6E36-4D9F-A8F3-2B2A33CC18E2} = {A0088E8E-7D7E-40C7-BE8F-FFB2D686E6ED}
		{2D9AF3E3-AC63-4387-83A0-9B77F72999D9} = {99985500-F7B6-438B-8F79-71DB3A316B11}
		{22FDB36C-2A9F-4468-AAD6-92FDF5B8419C} = {99985500-F7B6-438B-8F79-71DB3A316B11}
		{3535BBF1-05F0-4246-A243-F350E3ADB7CD} = {99985500-F7B6-438B-8F79-71DB3A316B11}
		{D8DAF28D-C918-49DD-AFF8-4C84251F72F4} = {99985500-F7B6-438B-8F79-71DB3A316B11}
		{2576C998-95F2-474A-919F-5F52A2AD59B3} = {99985500-F7B6-438B-8F79-71DB3A316B11}
		{895B40AB-7032-441A-A480-058675A8F143} = {99985500-F7B6-438B-8F79-71DB3A316B11}
		{109C6FB7-1EF0-48E2-9BB8-56E40A441A5A} = {D7F65A8B-0473-481C-A4E8-22243265A2D8}
		{19958FE8-E1F9-4D44-8CFB-88B92522CA37} = {D7F65A8B-0473-481C-A4E8-22243265A2D8}
		{E1932E5E-DB01-4DAF-96B2-7379AD37279C} = {D7F65A8B-0473-481C-A4E8-22243265A2D8}
		{D7F65A8B-0473-481C-A4E8-22243265A2D8} = {C137F7C3-3E3B-4F38-9DC7-2D8DD563D04E}
		{B7E53ECD-70FF-4432-963A-43FD96A4DC83} = {C137F7C3-3E3B-4F38-9DC7-2D8DD563D04E}
		{4E156E39-1715-44A0-B3B8-FD4F1C3B8086} = {B7E53ECD-70FF-4432-963A-43FD96A4DC83}
		{344AB074-BBBD-4E3A-B894-FE68AA1C64DF} = {B7E53ECD-70FF-4432-963A-43FD96A4DC83}
		{92880395-6117-46FD-BF79-23BC193B4023} = {B7E53ECD-70FF-4432-963A-43FD96A4DC83}
		{A60527CB-842D-420C-A53A-E7B5951A1EA2} = {C137F7C3-3E3B-4F38-9DC7-2D8DD563D04E}
		{B4674165-6C3F-492C-9462-65CCC5576EDD} = {A60527CB-842D-420C-A53A-E7B5951A1EA2}
		{B4A735B4-078C-4977-990B-505FF034A742} = {A60527CB-842D-420C-A53A-E7B5951A1EA2}
		{BFBAB36F-945D-40AF-9BB1-DD9A08A33E00} = {99985500-F7B6-438B-8F79-71DB3A316B11}
		{1D8A9A2F-DA7C-2793-A99B-2594EB8CCE62} = {A60527CB-842D-420C-A53A-E7B5951A1EA2}
		{DC9B7FB7-270D-4EA3-B027-C5DBEC29073D} = {99985500-F7B6-438B-8F79-71DB3A316B11}
		{1CD21588-43F0-4DB7-8E52-F2FB9AC7FCDF} = {A60527CB-842D-420C-A53A-E7B5951A1EA2}
		{B209F9DA-52B7-4B9A-A128-90856C7C7CC6} = {99985500-F7B6-438B-8F79-71DB3A316B11}
		{173ECD95-BFD2-4947-9150-06746FC8D5BB} = {C137F7C3-3E3B-4F38-9DC7-2D8DD563D04E}
		{DD5589F9-E27C-4BAA-ADB6-DC4BBC3DBC26} = {173ECD95-BFD2-4947-9150-06746FC8D5BB}
		{37381A53-9EB3-4A84-AAD1-2DEE15BAB3B0} = {173ECD95-BFD2-4947-9150-06746FC8D5BB}
		{BF95B36A-C850-4BA4-8BA3-718F3CB5A69F} = {173ECD95-BFD2-4947-9150-06746FC8D5BB}
		{E003FC30-A7C8-4F3B-94CE-D5743ED3935E} = {A0088E8E-7D7E-40C7-BE8F-FFB2D686E6ED}
		{A8F622E5-132C-4AAE-B56E-9B3026E8CF36} = {2D6F54F5-BB76-4E72-857E-76F6BCFC4804}
		{BDEDDA45-2E2A-4B41-AAC1-E6A5D1C020BB} = {A8F622E5-132C-4AAE-B56E-9B3026E8CF36}
		{0FCF0259-1298-47E6-A3A5-47780A3A38FB} = {A8F622E5-132C-4AAE-B56E-9B3026E8CF36}
		{D6AA982A-5498-4786-AE74-91387DB8C271} = {A8F622E5-132C-4AAE-B56E-9B3026E8CF36}
		{8D97754B-6FB9-4793-8555-33DC9741D9FA} = {A8F622E5-132C-4AAE-B56E-9B3026E8CF36}
		{4D2DC723-79E8-4A76-823B-A4453B45F49A} = {99985500-F7B6-438B-8F79-71DB3A316B11}
		{DCFB500D-8A42-47B2-8BF4-F328A2EED125} = {99985500-F7B6-438B-8F79-71DB3A316B11}
		{993D7FBA-F42B-4050-B9A0-DAA2ADCC5282} = {99985500-F7B6-438B-8F79-71DB3A316B11}
	EndGlobalSection
	GlobalSection(ExtensibilityGlobals) = postSolution
		SolutionGuid = {0C4D11B2-99EF-4419-9005-0029E81FA13B}
	EndGlobalSection
EndGlobal
